// !$*UTF8*$!
{
	archiveVersion = 1;
	classes = {
	};
	objectVersion = 56;
	objects = {

/* Begin PBXBuildFile section */
		7D83CCC2294BD58A0071DA84 /* EncryptedMessageComposerVC.swift in Sources */ = {isa = PBXBuildFile; fileRef = 7D83CCC1294BD58A0071DA84 /* EncryptedMessageComposerVC.swift */; };
		7D83CCC7294BE3AA0071DA84 /* EncryptedMessageLayoutOptionsResolver.swift in Sources */ = {isa = PBXBuildFile; fileRef = 7D83CCC6294BE3AA0071DA84 /* EncryptedMessageLayoutOptionsResolver.swift */; };
		7D83CCC9294BE5A70071DA84 /* EncryptedMessageContentView.swift in Sources */ = {isa = PBXBuildFile; fileRef = 7D83CCC8294BE5A70071DA84 /* EncryptedMessageContentView.swift */; };
		7D83CCCB294BEA710071DA84 /* EncryptedMessageActionsVC.swift in Sources */ = {isa = PBXBuildFile; fileRef = 7D83CCCA294BEA710071DA84 /* EncryptedMessageActionsVC.swift */; };
		7D83CCCD294C084E0071DA84 /* EncryptedMessageComposerView.swift in Sources */ = {isa = PBXBuildFile; fileRef = 7D83CCCC294C084E0071DA84 /* EncryptedMessageComposerView.swift */; };
		7D83CCD1294C0A610071DA84 /* SendEncryptedButton.swift in Sources */ = {isa = PBXBuildFile; fileRef = 7D83CCD0294C0A610071DA84 /* SendEncryptedButton.swift */; };
		7D83CCD9294D1D470071DA84 /* ChatMessageLayoutOption+pinInfo.swift in Sources */ = {isa = PBXBuildFile; fileRef = 7D83CCD8294D1D470071DA84 /* ChatMessageLayoutOption+pinInfo.swift */; };
		7DF4330E294831B500B840AE /* AppDelegate.swift in Sources */ = {isa = PBXBuildFile; fileRef = 7DF4330D294831B500B840AE /* AppDelegate.swift */; };
		7DF43310294831B500B840AE /* SceneDelegate.swift in Sources */ = {isa = PBXBuildFile; fileRef = 7DF4330F294831B500B840AE /* SceneDelegate.swift */; };
		7DF43312294831B500B840AE /* LogInViewController.swift in Sources */ = {isa = PBXBuildFile; fileRef = 7DF43311294831B500B840AE /* LogInViewController.swift */; };
		7DF43317294831B600B840AE /* Assets.xcassets in Resources */ = {isa = PBXBuildFile; fileRef = 7DF43316294831B600B840AE /* Assets.xcassets */; };
		7DF4331A294831B600B840AE /* LaunchScreen.storyboard in Resources */ = {isa = PBXBuildFile; fileRef = 7DF43318294831B600B840AE /* LaunchScreen.storyboard */; };
		7DF433232948333600B840AE /* StreamChat in Frameworks */ = {isa = PBXBuildFile; productRef = 7DF433222948333600B840AE /* StreamChat */; };
		7DF433252948333600B840AE /* StreamChatUI in Frameworks */ = {isa = PBXBuildFile; productRef = 7DF433242948333600B840AE /* StreamChatUI */; };
		7DF4332C2948351C00B840AE /* ChatManager.swift in Sources */ = {isa = PBXBuildFile; fileRef = 7DF4332B2948351C00B840AE /* ChatManager.swift */; };
		7DF4332F29484CF900B840AE /* TabBarViewController.swift in Sources */ = {isa = PBXBuildFile; fileRef = 7DF4332E29484CF900B840AE /* TabBarViewController.swift */; };
		7DF4333129484D6900B840AE /* SettingsViewController.swift in Sources */ = {isa = PBXBuildFile; fileRef = 7DF4333029484D6900B840AE /* SettingsViewController.swift */; };
		7DF4333429492FC800B840AE /* Encryption.swift in Sources */ = {isa = PBXBuildFile; fileRef = 7DF4333329492FC800B840AE /* Encryption.swift */; };
/* End PBXBuildFile section */

/* Begin PBXFileReference section */
		7D83CCC1294BD58A0071DA84 /* EncryptedMessageComposerVC.swift */ = {isa = PBXFileReference; lastKnownFileType = sourcecode.swift; path = EncryptedMessageComposerVC.swift; sourceTree = "<group>"; };
		7D83CCC6294BE3AA0071DA84 /* EncryptedMessageLayoutOptionsResolver.swift */ = {isa = PBXFileReference; lastKnownFileType = sourcecode.swift; path = EncryptedMessageLayoutOptionsResolver.swift; sourceTree = "<group>"; };
		7D83CCC8294BE5A70071DA84 /* EncryptedMessageContentView.swift */ = {isa = PBXFileReference; lastKnownFileType = sourcecode.swift; path = EncryptedMessageContentView.swift; sourceTree = "<group>"; };
		7D83CCCA294BEA710071DA84 /* EncryptedMessageActionsVC.swift */ = {isa = PBXFileReference; lastKnownFileType = sourcecode.swift; path = EncryptedMessageActionsVC.swift; sourceTree = "<group>"; };
		7D83CCCC294C084E0071DA84 /* EncryptedMessageComposerView.swift */ = {isa = PBXFileReference; lastKnownFileType = sourcecode.swift; path = EncryptedMessageComposerView.swift; sourceTree = "<group>"; };
		7D83CCD0294C0A610071DA84 /* SendEncryptedButton.swift */ = {isa = PBXFileReference; lastKnownFileType = sourcecode.swift; path = SendEncryptedButton.swift; sourceTree = "<group>"; };
		7D83CCD8294D1D470071DA84 /* ChatMessageLayoutOption+pinInfo.swift */ = {isa = PBXFileReference; lastKnownFileType = sourcecode.swift; path = "ChatMessageLayoutOption+pinInfo.swift"; sourceTree = "<group>"; };
		7DF4330A294831B500B840AE /* EncryptedChat.app */ = {isa = PBXFileReference; explicitFileType = wrapper.application; includeInIndex = 0; path = EncryptedChat.app; sourceTree = BUILT_PRODUCTS_DIR; };
		7DF4330D294831B500B840AE /* AppDelegate.swift */ = {isa = PBXFileReference; lastKnownFileType = sourcecode.swift; path = AppDelegate.swift; sourceTree = "<group>"; };
		7DF4330F294831B500B840AE /* SceneDelegate.swift */ = {isa = PBXFileReference; lastKnownFileType = sourcecode.swift; path = SceneDelegate.swift; sourceTree = "<group>"; };
		7DF43311294831B500B840AE /* LogInViewController.swift */ = {isa = PBXFileReference; lastKnownFileType = sourcecode.swift; path = LogInViewController.swift; sourceTree = "<group>"; };
		7DF43316294831B600B840AE /* Assets.xcassets */ = {isa = PBXFileReference; lastKnownFileType = folder.assetcatalog; path = Assets.xcassets; sourceTree = "<group>"; };
		7DF43319294831B600B840AE /* Base */ = {isa = PBXFileReference; lastKnownFileType = file.storyboard; name = Base; path = Base.lproj/LaunchScreen.storyboard; sourceTree = "<group>"; };
		7DF4331B294831B600B840AE /* Info.plist */ = {isa = PBXFileReference; lastKnownFileType = text.plist.xml; path = Info.plist; sourceTree = "<group>"; };
		7DF4332B2948351C00B840AE /* ChatManager.swift */ = {isa = PBXFileReference; lastKnownFileType = sourcecode.swift; path = ChatManager.swift; sourceTree = "<group>"; };
		7DF4332E29484CF900B840AE /* TabBarViewController.swift */ = {isa = PBXFileReference; lastKnownFileType = sourcecode.swift; path = TabBarViewController.swift; sourceTree = "<group>"; };
		7DF4333029484D6900B840AE /* SettingsViewController.swift */ = {isa = PBXFileReference; lastKnownFileType = sourcecode.swift; path = SettingsViewController.swift; sourceTree = "<group>"; };
		7DF4333329492FC800B840AE /* Encryption.swift */ = {isa = PBXFileReference; lastKnownFileType = sourcecode.swift; path = Encryption.swift; sourceTree = "<group>"; };
/* End PBXFileReference section */

/* Begin PBXFrameworksBuildPhase section */
		7DF43307294831B500B840AE /* Frameworks */ = {
			isa = PBXFrameworksBuildPhase;
			buildActionMask = 2147483647;
			files = (
				7DF433252948333600B840AE /* StreamChatUI in Frameworks */,
				7DF433232948333600B840AE /* StreamChat in Frameworks */,
			);
			runOnlyForDeploymentPostprocessing = 0;
		};
/* End PBXFrameworksBuildPhase section */

/* Begin PBXGroup section */
		7D83CCC3294BE2960071DA84 /* Extensions */ = {
			isa = PBXGroup;
			children = (
				7D83CCD8294D1D470071DA84 /* ChatMessageLayoutOption+pinInfo.swift */,
			);
			path = Extensions;
			sourceTree = "<group>";
		};
		7DF43301294831B500B840AE = {
			isa = PBXGroup;
			children = (
				7DF4330C294831B500B840AE /* EncryptedChat */,
				7DF4330B294831B500B840AE /* Products */,
			);
			sourceTree = "<group>";
		};
		7DF4330B294831B500B840AE /* Products */ = {
			isa = PBXGroup;
			children = (
				7DF4330A294831B500B840AE /* EncryptedChat.app */,
			);
			name = Products;
			sourceTree = "<group>";
		};
		7DF4330C294831B500B840AE /* EncryptedChat */ = {
			isa = PBXGroup;
			children = (
				7DF4333229492F7300B840AE /* Encryption */,
				7DF4332A2948343500B840AE /* Others */,
				7DF433292948342600B840AE /* Managers */,
				7DF433272948341900B840AE /* Views */,
				7D83CCC3294BE2960071DA84 /* Extensions */,
				7DF433262948340E00B840AE /* Controllers */,
				7DF4331B294831B600B840AE /* Info.plist */,
			);
			path = EncryptedChat;
			sourceTree = "<group>";
		};
		7DF433262948340E00B840AE /* Controllers */ = {
			isa = PBXGroup;
			children = (
				7DF4333029484D6900B840AE /* SettingsViewController.swift */,
				7DF43311294831B500B840AE /* LogInViewController.swift */,
				7DF4332E29484CF900B840AE /* TabBarViewController.swift */,
				7D83CCC1294BD58A0071DA84 /* EncryptedMessageComposerVC.swift */,
				7D83CCCC294C084E0071DA84 /* EncryptedMessageComposerView.swift */,
				7D83CCCA294BEA710071DA84 /* EncryptedMessageActionsVC.swift */,
				7D83CCC8294BE5A70071DA84 /* EncryptedMessageContentView.swift */,
				7D83CCC6294BE3AA0071DA84 /* EncryptedMessageLayoutOptionsResolver.swift */,
			);
			path = Controllers;
			sourceTree = "<group>";
		};
		7DF433272948341900B840AE /* Views */ = {
			isa = PBXGroup;
			children = (
				7D83CCD0294C0A610071DA84 /* SendEncryptedButton.swift */,
			);
			path = Views;
			sourceTree = "<group>";
		};
		7DF433292948342600B840AE /* Managers */ = {
			isa = PBXGroup;
			children = (
				7DF4332B2948351C00B840AE /* ChatManager.swift */,
			);
			path = Managers;
			sourceTree = "<group>";
		};
		7DF4332A2948343500B840AE /* Others */ = {
			isa = PBXGroup;
			children = (
				7DF4330D294831B500B840AE /* AppDelegate.swift */,
				7DF4330F294831B500B840AE /* SceneDelegate.swift */,
				7DF43316294831B600B840AE /* Assets.xcassets */,
				7DF43318294831B600B840AE /* LaunchScreen.storyboard */,
			);
			path = Others;
			sourceTree = "<group>";
		};
		7DF4333229492F7300B840AE /* Encryption */ = {
			isa = PBXGroup;
			children = (
				7DF4333329492FC800B840AE /* Encryption.swift */,
			);
			path = Encryption;
			sourceTree = "<group>";
		};
/* End PBXGroup section */

/* Begin PBXNativeTarget section */
		7DF43309294831B500B840AE /* EncryptedChat */ = {
			isa = PBXNativeTarget;
			buildConfigurationList = 7DF4331E294831B600B840AE /* Build configuration list for PBXNativeTarget "EncryptedChat" */;
			buildPhases = (
				7DF43306294831B500B840AE /* Sources */,
				7DF43307294831B500B840AE /* Frameworks */,
				7DF43308294831B500B840AE /* Resources */,
			);
			buildRules = (
			);
			dependencies = (
			);
			name = EncryptedChat;
			packageProductDependencies = (
				7DF433222948333600B840AE /* StreamChat */,
				7DF433242948333600B840AE /* StreamChatUI */,
			);
			productName = EncryptedChat;
			productReference = 7DF4330A294831B500B840AE /* EncryptedChat.app */;
			productType = "com.apple.product-type.application";
		};
/* End PBXNativeTarget section */

/* Begin PBXProject section */
		7DF43302294831B500B840AE /* Project object */ = {
			isa = PBXProject;
			attributes = {
				BuildIndependentTargetsInParallel = 1;
				LastSwiftUpdateCheck = 1400;
				LastUpgradeCheck = 1400;
				TargetAttributes = {
					7DF43309294831B500B840AE = {
						CreatedOnToolsVersion = 14.0;
					};
				};
			};
			buildConfigurationList = 7DF43305294831B500B840AE /* Build configuration list for PBXProject "EncryptedChat" */;
			compatibilityVersion = "Xcode 14.0";
			developmentRegion = en;
			hasScannedForEncodings = 0;
			knownRegions = (
				en,
				Base,
			);
			mainGroup = 7DF43301294831B500B840AE;
			packageReferences = (
				7DF433212948333600B840AE /* XCRemoteSwiftPackageReference "stream-chat-swift" */,
			);
			productRefGroup = 7DF4330B294831B500B840AE /* Products */;
			projectDirPath = "";
			projectRoot = "";
			targets = (
				7DF43309294831B500B840AE /* EncryptedChat */,
			);
		};
/* End PBXProject section */

/* Begin PBXResourcesBuildPhase section */
		7DF43308294831B500B840AE /* Resources */ = {
			isa = PBXResourcesBuildPhase;
			buildActionMask = 2147483647;
			files = (
				7DF4331A294831B600B840AE /* LaunchScreen.storyboard in Resources */,
				7DF43317294831B600B840AE /* Assets.xcassets in Resources */,
			);
			runOnlyForDeploymentPostprocessing = 0;
		};
/* End PBXResourcesBuildPhase section */

/* Begin PBXSourcesBuildPhase section */
		7DF43306294831B500B840AE /* Sources */ = {
			isa = PBXSourcesBuildPhase;
			buildActionMask = 2147483647;
			files = (
				7D83CCD1294C0A610071DA84 /* SendEncryptedButton.swift in Sources */,
				7DF43312294831B500B840AE /* LogInViewController.swift in Sources */,
				7D83CCC7294BE3AA0071DA84 /* EncryptedMessageLayoutOptionsResolver.swift in Sources */,
				7D83CCCD294C084E0071DA84 /* EncryptedMessageComposerView.swift in Sources */,
				7DF4330E294831B500B840AE /* AppDelegate.swift in Sources */,
				7D83CCCB294BEA710071DA84 /* EncryptedMessageActionsVC.swift in Sources */,
				7DF43310294831B500B840AE /* SceneDelegate.swift in Sources */,
				7DF4332F29484CF900B840AE /* TabBarViewController.swift in Sources */,
				7DF4333429492FC800B840AE /* Encryption.swift in Sources */,
				7DF4332C2948351C00B840AE /* ChatManager.swift in Sources */,
				7D83CCD9294D1D470071DA84 /* ChatMessageLayoutOption+pinInfo.swift in Sources */,
				7D83CCC9294BE5A70071DA84 /* EncryptedMessageContentView.swift in Sources */,
				7DF4333129484D6900B840AE /* SettingsViewController.swift in Sources */,
				7D83CCC2294BD58A0071DA84 /* EncryptedMessageComposerVC.swift in Sources */,
			);
			runOnlyForDeploymentPostprocessing = 0;
		};
/* End PBXSourcesBuildPhase section */

/* Begin PBXVariantGroup section */
		7DF43318294831B600B840AE /* LaunchScreen.storyboard */ = {
			isa = PBXVariantGroup;
			children = (
				7DF43319294831B600B840AE /* Base */,
			);
			name = LaunchScreen.storyboard;
			sourceTree = "<group>";
		};
/* End PBXVariantGroup section */

/* Begin XCBuildConfiguration section */
		7DF4331C294831B600B840AE /* Debug */ = {
			isa = XCBuildConfiguration;
			buildSettings = {
				ALWAYS_SEARCH_USER_PATHS = NO;
				CLANG_ANALYZER_NONNULL = YES;
				CLANG_ANALYZER_NUMBER_OBJECT_CONVERSION = YES_AGGRESSIVE;
				CLANG_CXX_LANGUAGE_STANDARD = "gnu++20";
				CLANG_ENABLE_MODULES = YES;
				CLANG_ENABLE_OBJC_ARC = YES;
				CLANG_ENABLE_OBJC_WEAK = YES;
				CLANG_WARN_BLOCK_CAPTURE_AUTORELEASING = YES;
				CLANG_WARN_BOOL_CONVERSION = YES;
				CLANG_WARN_COMMA = YES;
				CLANG_WARN_CONSTANT_CONVERSION = YES;
				CLANG_WARN_DEPRECATED_OBJC_IMPLEMENTATIONS = YES;
				CLANG_WARN_DIRECT_OBJC_ISA_USAGE = YES_ERROR;
				CLANG_WARN_DOCUMENTATION_COMMENTS = YES;
				CLANG_WARN_EMPTY_BODY = YES;
				CLANG_WARN_ENUM_CONVERSION = YES;
				CLANG_WARN_INFINITE_RECURSION = YES;
				CLANG_WARN_INT_CONVERSION = YES;
				CLANG_WARN_NON_LITERAL_NULL_CONVERSION = YES;
				CLANG_WARN_OBJC_IMPLICIT_RETAIN_SELF = YES;
				CLANG_WARN_OBJC_LITERAL_CONVERSION = YES;
				CLANG_WARN_OBJC_ROOT_CLASS = YES_ERROR;
				CLANG_WARN_QUOTED_INCLUDE_IN_FRAMEWORK_HEADER = YES;
				CLANG_WARN_RANGE_LOOP_ANALYSIS = YES;
				CLANG_WARN_STRICT_PROTOTYPES = YES;
				CLANG_WARN_SUSPICIOUS_MOVE = YES;
				CLANG_WARN_UNGUARDED_AVAILABILITY = YES_AGGRESSIVE;
				CLANG_WARN_UNREACHABLE_CODE = YES;
				CLANG_WARN__DUPLICATE_METHOD_MATCH = YES;
				COPY_PHASE_STRIP = NO;
				DEBUG_INFORMATION_FORMAT = dwarf;
				ENABLE_STRICT_OBJC_MSGSEND = YES;
				ENABLE_TESTABILITY = YES;
				GCC_C_LANGUAGE_STANDARD = gnu11;
				GCC_DYNAMIC_NO_PIC = NO;
				GCC_NO_COMMON_BLOCKS = YES;
				GCC_OPTIMIZATION_LEVEL = 0;
				GCC_PREPROCESSOR_DEFINITIONS = (
					"DEBUG=1",
					"$(inherited)",
				);
				GCC_WARN_64_TO_32_BIT_CONVERSION = YES;
				GCC_WARN_ABOUT_RETURN_TYPE = YES_ERROR;
				GCC_WARN_UNDECLARED_SELECTOR = YES;
				GCC_WARN_UNINITIALIZED_AUTOS = YES_AGGRESSIVE;
				GCC_WARN_UNUSED_FUNCTION = YES;
				GCC_WARN_UNUSED_VARIABLE = YES;
				IPHONEOS_DEPLOYMENT_TARGET = 16.0;
				MTL_ENABLE_DEBUG_INFO = INCLUDE_SOURCE;
				MTL_FAST_MATH = YES;
				ONLY_ACTIVE_ARCH = YES;
				SDKROOT = iphoneos;
				SWIFT_ACTIVE_COMPILATION_CONDITIONS = DEBUG;
				SWIFT_OPTIMIZATION_LEVEL = "-Onone";
			};
			name = Debug;
		};
		7DF4331D294831B600B840AE /* Release */ = {
			isa = XCBuildConfiguration;
			buildSettings = {
				ALWAYS_SEARCH_USER_PATHS = NO;
				CLANG_ANALYZER_NONNULL = YES;
				CLANG_ANALYZER_NUMBER_OBJECT_CONVERSION = YES_AGGRESSIVE;
				CLANG_CXX_LANGUAGE_STANDARD = "gnu++20";
				CLANG_ENABLE_MODULES = YES;
				CLANG_ENABLE_OBJC_ARC = YES;
				CLANG_ENABLE_OBJC_WEAK = YES;
				CLANG_WARN_BLOCK_CAPTURE_AUTORELEASING = YES;
				CLANG_WARN_BOOL_CONVERSION = YES;
				CLANG_WARN_COMMA = YES;
				CLANG_WARN_CONSTANT_CONVERSION = YES;
				CLANG_WARN_DEPRECATED_OBJC_IMPLEMENTATIONS = YES;
				CLANG_WARN_DIRECT_OBJC_ISA_USAGE = YES_ERROR;
				CLANG_WARN_DOCUMENTATION_COMMENTS = YES;
				CLANG_WARN_EMPTY_BODY = YES;
				CLANG_WARN_ENUM_CONVERSION = YES;
				CLANG_WARN_INFINITE_RECURSION = YES;
				CLANG_WARN_INT_CONVERSION = YES;
				CLANG_WARN_NON_LITERAL_NULL_CONVERSION = YES;
				CLANG_WARN_OBJC_IMPLICIT_RETAIN_SELF = YES;
				CLANG_WARN_OBJC_LITERAL_CONVERSION = YES;
				CLANG_WARN_OBJC_ROOT_CLASS = YES_ERROR;
				CLANG_WARN_QUOTED_INCLUDE_IN_FRAMEWORK_HEADER = YES;
				CLANG_WARN_RANGE_LOOP_ANALYSIS = YES;
				CLANG_WARN_STRICT_PROTOTYPES = YES;
				CLANG_WARN_SUSPICIOUS_MOVE = YES;
				CLANG_WARN_UNGUARDED_AVAILABILITY = YES_AGGRESSIVE;
				CLANG_WARN_UNREACHABLE_CODE = YES;
				CLANG_WARN__DUPLICATE_METHOD_MATCH = YES;
				COPY_PHASE_STRIP = NO;
				DEBUG_INFORMATION_FORMAT = "dwarf-with-dsym";
				ENABLE_NS_ASSERTIONS = NO;
				ENABLE_STRICT_OBJC_MSGSEND = YES;
				GCC_C_LANGUAGE_STANDARD = gnu11;
				GCC_NO_COMMON_BLOCKS = YES;
				GCC_WARN_64_TO_32_BIT_CONVERSION = YES;
				GCC_WARN_ABOUT_RETURN_TYPE = YES_ERROR;
				GCC_WARN_UNDECLARED_SELECTOR = YES;
				GCC_WARN_UNINITIALIZED_AUTOS = YES_AGGRESSIVE;
				GCC_WARN_UNUSED_FUNCTION = YES;
				GCC_WARN_UNUSED_VARIABLE = YES;
				IPHONEOS_DEPLOYMENT_TARGET = 16.0;
				MTL_ENABLE_DEBUG_INFO = NO;
				MTL_FAST_MATH = YES;
				SDKROOT = iphoneos;
				SWIFT_COMPILATION_MODE = wholemodule;
				SWIFT_OPTIMIZATION_LEVEL = "-O";
				VALIDATE_PRODUCT = YES;
			};
			name = Release;
		};
		7DF4331F294831B600B840AE /* Debug */ = {
			isa = XCBuildConfiguration;
			buildSettings = {
				ASSETCATALOG_COMPILER_APPICON_NAME = AppIcon;
				ASSETCATALOG_COMPILER_GLOBAL_ACCENT_COLOR_NAME = AccentColor;
				CODE_SIGN_STYLE = Automatic;
				CURRENT_PROJECT_VERSION = 1;
				DEVELOPMENT_TEAM = 543KWGS8CM;
				GENERATE_INFOPLIST_FILE = YES;
				INFOPLIST_FILE = EncryptedChat/Info.plist;
				INFOPLIST_KEY_UIApplicationSupportsIndirectInputEvents = YES;
				INFOPLIST_KEY_UILaunchStoryboardName = LaunchScreen;
				INFOPLIST_KEY_UISupportedInterfaceOrientations_iPad = "UIInterfaceOrientationPortrait UIInterfaceOrientationPortraitUpsideDown UIInterfaceOrientationLandscapeLeft UIInterfaceOrientationLandscapeRight";
				INFOPLIST_KEY_UISupportedInterfaceOrientations_iPhone = "UIInterfaceOrientationPortrait UIInterfaceOrientationLandscapeLeft UIInterfaceOrientationLandscapeRight";
				LD_RUNPATH_SEARCH_PATHS = (
					"$(inherited)",
					"@executable_path/Frameworks",
				);
				MARKETING_VERSION = 1.0;
				PRODUCT_BUNDLE_IDENTIFIER = INFO7520.EncryptedChat;
				PRODUCT_NAME = "$(TARGET_NAME)";
				SWIFT_EMIT_LOC_STRINGS = YES;
				SWIFT_VERSION = 5.0;
				TARGETED_DEVICE_FAMILY = "1,2";
			};
			name = Debug;
		};
		7DF43320294831B600B840AE /* Release */ = {
			isa = XCBuildConfiguration;
			buildSettings = {
				ASSETCATALOG_COMPILER_APPICON_NAME = AppIcon;
				ASSETCATALOG_COMPILER_GLOBAL_ACCENT_COLOR_NAME = AccentColor;
				CODE_SIGN_STYLE = Automatic;
				CURRENT_PROJECT_VERSION = 1;
				DEVELOPMENT_TEAM = 543KWGS8CM;
				GENERATE_INFOPLIST_FILE = YES;
				INFOPLIST_FILE = EncryptedChat/Info.plist;
				INFOPLIST_KEY_UIApplicationSupportsIndirectInputEvents = YES;
				INFOPLIST_KEY_UILaunchStoryboardName = LaunchScreen;
				INFOPLIST_KEY_UISupportedInterfaceOrientations_iPad = "UIInterfaceOrientationPortrait UIInterfaceOrientationPortraitUpsideDown UIInterfaceOrientationLandscapeLeft UIInterfaceOrientationLandscapeRight";
				INFOPLIST_KEY_UISupportedInterfaceOrientations_iPhone = "UIInterfaceOrientationPortrait UIInterfaceOrientationLandscapeLeft UIInterfaceOrientationLandscapeRight";
				LD_RUNPATH_SEARCH_PATHS = (
					"$(inherited)",
					"@executable_path/Frameworks",
				);
				MARKETING_VERSION = 1.0;
				PRODUCT_BUNDLE_IDENTIFIER = INFO7520.EncryptedChat;
				PRODUCT_NAME = "$(TARGET_NAME)";
				SWIFT_EMIT_LOC_STRINGS = YES;
				SWIFT_VERSION = 5.0;
				TARGETED_DEVICE_FAMILY = "1,2";
			};
			name = Release;
		};
/* End XCBuildConfiguration section */

/* Begin XCConfigurationList section */
		7DF43305294831B500B840AE /* Build configuration list for PBXProject "EncryptedChat" */ = {
			isa = XCConfigurationList;
			buildConfigurations = (
				7DF4331C294831B600B840AE /* Debug */,
				7DF4331D294831B600B840AE /* Release */,
			);
			defaultConfigurationIsVisible = 0;
			defaultConfigurationName = Release;
		};
		7DF4331E294831B600B840AE /* Build configuration list for PBXNativeTarget "EncryptedChat" */ = {
			isa = XCConfigurationList;
			buildConfigurations = (
				7DF4331F294831B600B840AE /* Debug */,
				7DF43320294831B600B840AE /* Release */,
			);
			defaultConfigurationIsVisible = 0;
			defaultConfigurationName = Release;
		};
/* End XCConfigurationList section */

/* Begin XCRemoteSwiftPackageReference section */
		7DF433212948333600B840AE /* XCRemoteSwiftPackageReference "stream-chat-swift" */ = {
			isa = XCRemoteSwiftPackageReference;
			repositoryURL = "https://github.com/getstream/stream-chat-swift";
			requirement = {
				kind = upToNextMajorVersion;
				minimumVersion = 4.0.0;
			};
		};
/* End XCRemoteSwiftPackageReference section */

/* Begin XCSwiftPackageProductDependency section */
		7DF433222948333600B840AE /* StreamChat */ = {
			isa = XCSwiftPackageProductDependency;
			package = 7DF433212948333600B840AE /* XCRemoteSwiftPackageReference "stream-chat-swift" */;
			productName = StreamChat;
		};
		7DF433242948333600B840AE /* StreamChatUI */ = {
			isa = XCSwiftPackageProductDependency;
			package = 7DF433212948333600B840AE /* XCRemoteSwiftPackageReference "stream-chat-swift" */;
			productName = StreamChatUI;
		};
/* End XCSwiftPackageProductDependency section */
	};
	rootObject = 7DF43302294831B500B840AE /* Project object */;
}
